
Microsoft Visual Studio Solution File, Format Version 12.00
# Visual Studio Version 16
VisualStudioVersion = 25.0.1706.4
MinimumVisualStudioVersion = 10.0.40219.1
Project("{FAE04EC0-301F-11D3-BF4B-00C04F79EFBC}") = "Calculator", "Calculator.csproj", "{A20A6F4B-6E78-43AF-AB1E-C1ADE3DB0D2B}"
EndProject
Global
	GlobalSection(SolutionConfigurationPlatforms) = preSolution
		Debug|Any CPU = Debug|Any CPU
		Release|Any CPU = Release|Any CPU
	EndGlobalSection
	GlobalSection(ProjectConfigurationPlatforms) = postSolution
		{A20A6F4B-6E78-43AF-AB1E-C1ADE3DB0D2B}.Debug|Any CPU.ActiveCfg = Debug|Any CPU
		{A20A6F4B-6E78-43AF-AB1E-C1ADE3DB0D2B}.Debug|Any CPU.Build.0 = Debug|Any CPU
		{A20A6F4B-6E78-43AF-AB1E-C1ADE3DB0D2B}.Release|Any CPU.ActiveCfg = Release|Any CPU
		{A20A6F4B-6E78-43AF-AB1E-C1ADE3DB0D2B}.Release|Any CPU.Build.0 = Release|Any CPU
	EndGlobalSection
	GlobalSection(SolutionProperties) = preSolution
		HideSolutionNode = FALSE
	EndGlobalSection
	GlobalSection(ExtensibilityGlobals) = postSolution
		SolutionGuid = {0EC74183-88E0-4079-9153-5175EF5330BE}
	EndGlobalSection
EndGlobal
